
Microsoft Visual Studio Solution File, Format Version 12.00
# Visual Studio 15
VisualStudioVersion = 15.0.27703.2018
MinimumVisualStudioVersion = 10.0.40219.1
Project("{9A19103F-16F7-4668-BE54-9A1E7A4F7556}") = "YnabImporter.Core", "YnabImporter.Core\YnabImporter.Core.csproj", "{0D7A09AB-9F07-41A4-A9BF-2B668BB71AF2}"
EndProject
Project("{9A19103F-16F7-4668-BE54-9A1E7A4F7556}") = "YnabImporter.Core.Tests", "YnabImporter.Core.Tests\YnabImporter.Core.Tests.csproj", "{B688F94F-CA34-4C5F-B222-A864F08B82EF}"
EndProject
Project("{9A19103F-16F7-4668-BE54-9A1E7A4F7556}") = "YnabImporter.Cli", "YnabImporter.Cli\YnabImporter.Cli.csproj", "{C0B6BFA6-F5D4-49F2-A3A2-56599F443251}"
EndProject
Project("{FAE04EC0-301F-11D3-BF4B-00C04F79EFBC}") = "YnabImporter.Api", "YnabImporter.Api\YnabImporter.Api.csproj", "{761B18D3-BB4E-4C2C-819C-096346B270BF}"
EndProject
Global
	GlobalSection(SolutionConfigurationPlatforms) = preSolution
		Debug|Any CPU = Debug|Any CPU
		Release|Any CPU = Release|Any CPU
	EndGlobalSection
	GlobalSection(ProjectConfigurationPlatforms) = postSolution
		{0D7A09AB-9F07-41A4-A9BF-2B668BB71AF2}.Debug|Any CPU.ActiveCfg = Debug|Any CPU
		{0D7A09AB-9F07-41A4-A9BF-2B668BB71AF2}.Debug|Any CPU.Build.0 = Debug|Any CPU
		{0D7A09AB-9F07-41A4-A9BF-2B668BB71AF2}.Release|Any CPU.ActiveCfg = Release|Any CPU
		{0D7A09AB-9F07-41A4-A9BF-2B668BB71AF2}.Release|Any CPU.Build.0 = Release|Any CPU
		{B688F94F-CA34-4C5F-B222-A864F08B82EF}.Debug|Any CPU.ActiveCfg = Debug|Any CPU
		{B688F94F-CA34-4C5F-B222-A864F08B82EF}.Debug|Any CPU.Build.0 = Debug|Any CPU
		{B688F94F-CA34-4C5F-B222-A864F08B82EF}.Release|Any CPU.ActiveCfg = Release|Any CPU
		{B688F94F-CA34-4C5F-B222-A864F08B82EF}.Release|Any CPU.Build.0 = Release|Any CPU
		{C0B6BFA6-F5D4-49F2-A3A2-56599F443251}.Debug|Any CPU.ActiveCfg = Debug|Any CPU
		{C0B6BFA6-F5D4-49F2-A3A2-56599F443251}.Debug|Any CPU.Build.0 = Debug|Any CPU
		{C0B6BFA6-F5D4-49F2-A3A2-56599F443251}.Release|Any CPU.ActiveCfg = Release|Any CPU
		{C0B6BFA6-F5D4-49F2-A3A2-56599F443251}.Release|Any CPU.Build.0 = Release|Any CPU
		{761B18D3-BB4E-4C2C-819C-096346B270BF}.Debug|Any CPU.ActiveCfg = Debug|Any CPU
		{761B18D3-BB4E-4C2C-819C-096346B270BF}.Debug|Any CPU.Build.0 = Debug|Any CPU
		{761B18D3-BB4E-4C2C-819C-096346B270BF}.Release|Any CPU.ActiveCfg = Release|Any CPU
		{761B18D3-BB4E-4C2C-819C-096346B270BF}.Release|Any CPU.Build.0 = Release|Any CPU
	EndGlobalSection
	GlobalSection(SolutionProperties) = preSolution
		HideSolutionNode = FALSE
	EndGlobalSection
	GlobalSection(ExtensibilityGlobals) = postSolution
		SolutionGuid = {73721CA1-AEF8-460D-9C51-71EC7F261E8A}
	EndGlobalSection
EndGlobal
